%{"apex": {:git, "git://github.com/bjro/apex.git", "1286665476afdde5e9e8e338164239ec7b16a133", []},
  "backoff": {:hex, :backoff, "1.1.1"},
  "certifi": {:hex, :certifi, "0.3.0"},
  "combine": {:hex, :combine, "0.7.0"},
  "conform": {:hex, :conform, "0.13.0"},
  "connection": {:hex, :connection, "1.0.2"},
  "cowboy": {:hex, :cowboy, "1.0.4"},
  "cowlib": {:hex, :cowlib, "1.0.2"},
  "csv": {:hex, :csv, "1.0.1"},
  "db_connection": {:hex, :db_connection, "0.2.0"},
  "decimal": {:hex, :decimal, "1.1.1"},
  "dogma": {:git, "git://github.com/lpil/dogma.git", "e113ec022565610f7370e2f1ae7c6329f9dfc85d", []},
  "dogstatsd": {:hex, :dogstatsd, "0.0.3"},
  "earmark": {:hex, :earmark, "0.2.1"},
  "ecto": {:hex, :ecto, "1.1.3"},
  "edown": {:git, "git://github.com/uwiger/edown.git", "d62ec85281e451a46ba30045917c119d65b72a84", [tag: "0.5"]},
  "eiconv": {:git, "https://github.com/zotonic/eiconv.git", "644fb5e7bd6640fbd073f4d28957914ea979aea0", []},
  "erlsom": {:git, "https://github.com/willemdj/erlsom.git", "1d3afda7ba3bedce66fbbd58c3fc7d087a921fd4", []},
  "ex_doc": {:hex, :ex_doc, "0.11.3"},
  "exactor": {:hex, :exactor, "2.1.2"},
  "exprintf": {:git, "https://github.com/parroty/exprintf.git", "3b6b805be48d2385245195cbae98c3e7535d3bab", []},
  "exrm": {:hex, :exrm, "0.15.3"},
  "floki": {:git, "https://github.com/philss/floki.git", "ca37730b454b966c4d7f4a1fdbf440e8305e058c", []},
  "fs": {:hex, :fs, "0.9.2"},
  "gen_smtp": {:hex, :gen_smtp, "0.9.0"},
  "goldrush": {:git, "git://github.com/DeadZen/goldrush.git", "71e63212f12c25827e0c1b4198d37d5d018a7fec", [tag: "0.1.6"]},
  "hackney": {:hex, :hackney, "1.4.8"},
  "hashids": {:hex, :hashids, "2.0.1"},
  "httpoison": {:hex, :httpoison, "0.8.1"},
  "idna": {:hex, :idna, "1.0.3"},
  "lager": {:git, "git://github.com/basho/lager.git", "b6b6cebcb27ccff8acc59ae775acebc2f52e4926", [tag: "2.0.3"]},
  "mailman": {:git, "https://github.com/houshuang/mailman.git", "edb0ccb42b6152315fee8d6a06827205a2400cae", []},
  "mimerl": {:hex, :mimerl, "1.0.2"},
  "mix_test_watch": {:hex, :mix_test_watch, "0.1.2"},
  "mochiweb": {:hex, :mochiweb, "2.12.2"},
  "multidef": {:git, "https://github.com/pragdave/mdef.git", "01536e63335fa1da7fcd182039ae81301dd9b65b", [branch: "mdefp"]},
  "param_session": {:git, "https://github.com/houshuang/param_session.git", "661c7379d9b013812ee762e01d1197214c8bce6c", []},
  "parse_trans": {:git, "git://github.com/uwiger/parse_trans.git", "82cc00264aa1bad8fc5c0739b7541feb4a843432", [tag: "2.9"]},
  "phoenix": {:hex, :phoenix, "1.1.2"},
  "phoenix_ecto": {:hex, :phoenix_ecto, "2.0.1"},
  "phoenix_html": {:hex, :phoenix_html, "2.4.0"},
  "phoenix_live_reload": {:hex, :phoenix_live_reload, "1.0.3"},
  "plug": {:hex, :plug, "1.1.0"},
  "plug_accesslog": {:git, "https://github.com/houshuang/plug_accesslog.git", "fb2d923c622cc6a7378369a17fc79c5ebd7bafcf", []},
  "plug_lti": {:git, "https://github.com/houshuang/plug_lti.git", "fb0aa7902dbff2297d18715a921b7d9bca7e4e1a", []},
  "poison": {:hex, :poison, "1.4.0"},
  "poolboy": {:hex, :poolboy, "1.5.1"},
  "porcelain": {:hex, :porcelain, "2.0.1"},
  "postgrex": {:hex, :postgrex, "0.11.0"},
  "quantum": {:hex, :quantum, "1.6.1"},
  "ranch": {:hex, :ranch, "1.2.1"},
  "setup": {:git, "git://github.com/uwiger/setup.git", "51ee7c9f64d2bbe9dcbb58c278e8fbfd4d0ca5e2", [tag: "1.4"]},
  "ssl_verify_hostname": {:hex, :ssl_verify_hostname, "1.0.5"},
  "timex": {:hex, :timex, "1.0.0"},
  "tzdata": {:hex, :tzdata, "0.5.6"},
  "uuid": {:hex, :uuid, "1.1.2"},
  "xmlrpc": {:hex, :xmlrpc, "0.9.1"}}
